
Microsoft Visual Studio Solution File, Format Version 12.00
# Visual Studio Version 17
VisualStudioVersion = 17.1.32228.430
MinimumVisualStudioVersion = 10.0.40219.1
Project("{8BC9CEB8-8B4A-11D0-8D11-00A0C91BC942}") = "LaunchProcess", "LaunchProcess.vcxproj", "{5CBD8C09-FB35-4A1D-BDFD-4B66204C6C07}"
EndProject
Global
	GlobalSection(SolutionConfigurationPlatforms) = preSolution
		Debug|x64 = Debug|x64
		Debug|x86 = Debug|x86
		Release|x64 = Release|x64
		Release|x86 = Release|x86
	EndGlobalSection
	GlobalSection(ProjectConfigurationPlatforms) = postSolution
		{5CBD8C09-FB35-4A1D-BDFD-4B66204C6C07}.Debug|x64.ActiveCfg = Debug|x64
		{5CBD8C09-FB35-4A1D-BDFD-4B66204C6C07}.Debug|x64.Build.0 = Debug|x64
		{5CBD8C09-FB35-4A1D-BDFD-4B66204C6C07}.Debug|x86.ActiveCfg = Debug|Win32
		{5CBD8C09-FB35-4A1D-BDFD-4B66204C6C07}.Debug|x86.Build.0 = Debug|Win32
		{5CBD8C09-FB35-4A1D-BDFD-4B66204C6C07}.Release|x64.ActiveCfg = Release|x64
		{5CBD8C09-FB35-4A1D-BDFD-4B66204C6C07}.Release|x64.Build.0 = Release|x64
		{5CBD8C09-FB35-4A1D-BDFD-4B66204C6C07}.Release|x86.ActiveCfg = Release|Win32
		{5CBD8C09-FB35-4A1D-BDFD-4B66204C6C07}.Release|x86.Build.0 = Release|Win32
	EndGlobalSection
	GlobalSection(SolutionProperties) = preSolution
		HideSolutionNode = FALSE
	EndGlobalSection
	GlobalSection(ExtensibilityGlobals) = postSolution
		SolutionGuid = {A674188D-7A9E-43A7-AF3F-D55381A0B469}
	EndGlobalSection
EndGlobal
